{
  "name": "jws-examples",
  "version": "1.0.0",
  "lockfileVersion": 1,
  "requires": true,
  "dependencies": {
    "@peculiar/asn1-schema": {
      "version": "2.0.27",
      "resolved": "https://registry.npmjs.org/@peculiar/asn1-schema/-/asn1-schema-2.0.27.tgz",
      "integrity": "sha512-1tIx7iL3Ma3HtnNS93nB7nhyI0soUJypElj9owd4tpMrRDmeJ8eZubsdq1sb0KSaCs5RqZNoABCP6m5WtnlVhQ==",
      "requires": {
        "@types/asn1js": "^2.0.0",
        "asn1js": "^2.0.26",
        "pvtsutils": "^1.1.1",
        "tslib": "^2.0.3"
      }
    },
    "@peculiar/json-schema": {
      "version": "1.1.12",
      "resolved": "https://registry.npmjs.org/@peculiar/json-schema/-/json-schema-1.1.12.tgz",
      "integrity": "sha512-coUfuoMeIB7B8/NMekxaDzLhaYmp0HZNPEjYRm9goRou8UZIC3z21s0sL9AWoCw4EG876QyO3kYrc61WNF9B/w==",
      "requires": {
        "tslib": "^2.0.0"
      }
    },
    "@peculiar/webcrypto": {
      "version": "1.1.6",
      "resolved": "https://registry.npmjs.org/@peculiar/webcrypto/-/webcrypto-1.1.6.tgz",
      "integrity": "sha512-xcTjouis4Y117mcsJslWAGypwhxtXslkVdRp7e3tHwtuw0/xCp1te8RuMMv/ia5TsvxomcyX/T+qTbRZGLLvyA==",
      "requires": {
        "@peculiar/asn1-schema": "^2.0.27",
        "@peculiar/json-schema": "^1.1.12",
        "pvtsutils": "^1.1.2",
        "tslib": "^2.1.0",
        "webcrypto-core": "^1.2.0"
      }
    },
    "@stablelib/binary": {
      "version": "1.0.0",
      "resolved": "https://registry.npmjs.org/@stablelib/binary/-/binary-1.0.0.tgz",
      "integrity": "sha512-W01QhOw1tWL51Du1c5JZphJs7toRbfra1C2DBlhT0mRHZWGWB1hpFbqiZUFY7QNIMUpmmHLrlZs3YsSCB/giUg==",
      "requires": {
        "@stablelib/int": "^1.0.0"
      }
    },
    "@stablelib/ed25519": {
      "version": "1.0.1",
      "resolved": "https://registry.npmjs.org/@stablelib/ed25519/-/ed25519-1.0.1.tgz",
      "integrity": "sha512-kvC98vkJeertRj37yqTcjOwUVYWQ0jcywxxWpeuTal5ZNgH7EcbljtQYECA2Pi2N0zNG0a0AjSD2Q2DFcUxRjQ==",
      "requires": {
        "@stablelib/random": "^1.0.0",
        "@stablelib/sha512": "^1.0.0",
        "@stablelib/wipe": "^1.0.0"
      }
    },
    "@stablelib/hash": {
      "version": "1.0.0",
      "resolved": "https://registry.npmjs.org/@stablelib/hash/-/hash-1.0.0.tgz",
      "integrity": "sha512-wBvSIIx4Y8799BRD4TBhezS1P9+irGAKdsNgbZMeU5ndMbw7BtZALdCm0FcJIRFxJ2giPLPS9YCgrwWAhzSRLQ=="
    },
    "@stablelib/int": {
      "version": "1.0.0",
      "resolved": "https://registry.npmjs.org/@stablelib/int/-/int-1.0.0.tgz",
      "integrity": "sha512-MRigEQCO7xM93nZqW4CbIBjhANGw3jJxGVSUZH3PQ6HWL1IGrFWVDBzIclWxl4l5aRRpqoM+76ellQNdUJPnsA=="
    },
    "@stablelib/random": {
      "version": "1.0.0",
      "resolved": "https://registry.npmjs.org/@stablelib/random/-/random-1.0.0.tgz",
      "integrity": "sha512-G9vwwKrNCGMI/uHL6XeWe2Nk4BuxkYyWZagGaDU9wrsuV+9hUwNI1lok2WVo8uJDa2zx7ahNwN7Ij983hOUFEw==",
      "requires": {
        "@stablelib/binary": "^1.0.0",
        "@stablelib/wipe": "^1.0.0"
      }
    },
    "@stablelib/sha512": {
      "version": "1.0.0",
      "resolved": "https://registry.npmjs.org/@stablelib/sha512/-/sha512-1.0.0.tgz",
      "integrity": "sha512-qvUu5SraAdGa8HAkAasfMyD9C+MwlRnFVRJ6cRxAEIekmDsU3tfGLnUm3wb9ao4t0FkihGrj8GKlV82TTR4Phw==",
      "requires": {
        "@stablelib/binary": "^1.0.0",
        "@stablelib/hash": "^1.0.0",
        "@stablelib/wipe": "^1.0.0"
      }
    },
    "@stablelib/wipe": {
      "version": "1.0.0",
      "resolved": "https://registry.npmjs.org/@stablelib/wipe/-/wipe-1.0.0.tgz",
      "integrity": "sha512-0Fd4MQCbEh8OFSO+gG7wBXok7yRC3w+xe/wWM8KNye7EGoHr4BTFZNWV/1xAn2r8/gyFKxPXT8uxXRzDzGq6rg=="
    },
    "@types/asn1js": {
      "version": "2.0.0",
      "resolved": "https://registry.npmjs.org/@types/asn1js/-/asn1js-2.0.0.tgz",
      "integrity": "sha512-Jjzp5EqU0hNpADctc/UqhiFbY1y2MqIxBVa2S4dBlbnZHTLPMuggoL5q43X63LpsOIINRDirBjP56DUUKIUWIA=="
    },
    "asn1js": {
      "version": "2.0.26",
      "resolved": "https://registry.npmjs.org/asn1js/-/asn1js-2.0.26.tgz",
      "integrity": "sha512-yG89F0j9B4B0MKIcFyWWxnpZPLaNTjCj4tkE3fjbAoo0qmpGw0PYYqSbX/4ebnd9Icn8ZgK4K1fvDyEtW1JYtQ==",
      "requires": {
        "pvutils": "^1.0.17"
      }
    },
    "bcrypto": {
      "version": "5.4.0",
      "resolved": "https://registry.npmjs.org/bcrypto/-/bcrypto-5.4.0.tgz",
      "integrity": "sha512-KDX2CR29o6ZoqpQndcCxFZAtYA1jDMnXU3jmCfzP44g++Cu7AHHtZN/JbrN/MXAg9SLvtQ8XISG+eVD9zH1+Jg==",
      "requires": {
        "bufio": "~1.0.7",
        "loady": "~0.0.5"
      }
    },
    "bufio": {
      "version": "1.0.7",
      "resolved": "https://registry.npmjs.org/bufio/-/bufio-1.0.7.tgz",
      "integrity": "sha512-bd1dDQhiC+bEbEfg56IdBv7faWa6OipMs/AFFFvtFnB3wAYjlwQpQRZ0pm6ZkgtfL0pILRXhKxOiQj6UzoMR7A=="
    },
    "jose": {
      "version": "3.6.2",
      "resolved": "https://registry.npmjs.org/jose/-/jose-3.6.2.tgz",
      "integrity": "sha512-JzqHr6UqydWv25HwLzRdBJgMetiPkDBE/WJSyJjhNwN3+GmcHu4yoUgRle0NNViCdfAYMf9DuOG8o+mUW/DXdg=="
    },
    "loady": {
      "version": "0.0.5",
      "resolved": "https://registry.npmjs.org/loady/-/loady-0.0.5.tgz",
      "integrity": "sha512-uxKD2HIj042/HBx77NBcmEPsD+hxCgAtjEWlYNScuUjIsh/62Uyu39GOR68TBR68v+jqDL9zfftCWoUo4y03sQ=="
    },
    "pvtsutils": {
      "version": "1.1.2",
      "resolved": "https://registry.npmjs.org/pvtsutils/-/pvtsutils-1.1.2.tgz",
      "integrity": "sha512-Yfm9Dsk1zfEpOWCaJaHfqtNXAFWNNHMFSCLN6jTnhuCCBCC2nqge4sAgo7UrkRBoAAYIL8TN/6LlLoNfZD/b5A==",
      "requires": {
        "tslib": "^2.1.0"
      }
    },
    "pvutils": {
      "version": "1.0.17",
      "resolved": "https://registry.npmjs.org/pvutils/-/pvutils-1.0.17.tgz",
      "integrity": "sha512-wLHYUQxWaXVQvKnwIDWFVKDJku9XDCvyhhxoq8dc5MFdIlRenyPI9eSfEtcvgHgD7FlvCyGAlWgOzRnZD99GZQ=="
    },
    "tslib": {
      "version": "2.1.0",
      "resolved": "https://registry.npmjs.org/tslib/-/tslib-2.1.0.tgz",
      "integrity": "sha512-hcVC3wYEziELGGmEEXue7D75zbwIIVUMWAVbHItGPx0ziyXxrOMQx4rQEVEV45Ut/1IotuEvwqPopzIOkDMf0A=="
    },
    "webcrypto-core": {
      "version": "1.2.0",
      "resolved": "https://registry.npmjs.org/webcrypto-core/-/webcrypto-core-1.2.0.tgz",
      "integrity": "sha512-p76Z/YLuE4CHCRdc49FB/ETaM4bzM3roqWNJeGs+QNY1fOTzKTOVnhmudW1fuO+5EZg6/4LG9NJ6gaAyxTk9XQ==",
      "requires": {
        "@peculiar/asn1-schema": "^2.0.27",
        "@peculiar/json-schema": "^1.1.12",
        "asn1js": "^2.0.26",
        "pvtsutils": "^1.1.2",
        "tslib": "^2.1.0"
      }
    }
  }
}
